
Microsoft Visual Studio Solution File, Format Version 12.00
# Visual Studio Version 16
VisualStudioVersion = 16.0.31129.286
MinimumVisualStudioVersion = 10.0.40219.1
Project("{FAE04EC0-301F-11D3-BF4B-00C04F79EFBC}") = "Calculator", "Calculator.csproj", "{DD42DF7B-8EEA-4426-85D5-2E2542A78A35}"
EndProject
Global
	GlobalSection(SolutionConfigurationPlatforms) = preSolution
		Debug|Any CPU = Debug|Any CPU
		Release|Any CPU = Release|Any CPU
	EndGlobalSection
	GlobalSection(ProjectConfigurationPlatforms) = postSolution
		{DD42DF7B-8EEA-4426-85D5-2E2542A78A35}.Debug|Any CPU.ActiveCfg = Debug|Any CPU
		{DD42DF7B-8EEA-4426-85D5-2E2542A78A35}.Debug|Any CPU.Build.0 = Debug|Any CPU
		{DD42DF7B-8EEA-4426-85D5-2E2542A78A35}.Release|Any CPU.ActiveCfg = Release|Any CPU
		{DD42DF7B-8EEA-4426-85D5-2E2542A78A35}.Release|Any CPU.Build.0 = Release|Any CPU
	EndGlobalSection
	GlobalSection(SolutionProperties) = preSolution
		HideSolutionNode = FALSE
	EndGlobalSection
	GlobalSection(ExtensibilityGlobals) = postSolution
		SolutionGuid = {8DA7C7BB-3DAF-4B01-99C0-CEC42D6A04A2}
	EndGlobalSection
EndGlobal
